
Microsoft Visual Studio Solution File, Format Version 12.00
# Visual Studio 15
VisualStudioVersion = 15.0.26228.9
MinimumVisualStudioVersion = 10.0.40219.1
Project("{D954291E-2A0B-460D-934E-DC6B0785DB48}") = "CloudCoinCE.Mobile", "CloudCoinCE.Mobile\CloudCoinCE.Mobile\CloudCoinCE.Mobile.shproj", "{371E5003-FA3C-456A-9500-2E3E11F71379}"
EndProject
Project("{FAE04EC0-301F-11D3-BF4B-00C04F79EFBC}") = "CloudCoinCE.Mobile.Android", "CloudCoinCE.Mobile\CloudCoinCE.Mobile.Android\CloudCoinCE.Mobile.Android.csproj", "{8FBF2486-0D89-4CB2-99E6-E8C210D94D3B}"
EndProject
Project("{FAE04EC0-301F-11D3-BF4B-00C04F79EFBC}") = "CloudCoinCE.Mobile.iOS", "CloudCoinCE.Mobile\CloudCoinCE.Mobile.iOS\CloudCoinCE.Mobile.iOS.csproj", "{EC5DD80A-BB46-4065-8FFF-A183F23A6550}"
EndProject
Project("{FAE04EC0-301F-11D3-BF4B-00C04F79EFBC}") = "CloudCoinCE.Mobile.UWP", "CloudCoinCE.Mobile\CloudCoinCE.Mobile.UWP\CloudCoinCE.Mobile.UWP.csproj", "{EAE3763F-A27D-435D-9A95-B33CCDF8F429}"
EndProject
Global
	GlobalSection(SharedMSBuildProjectFiles) = preSolution
		CloudCoinCE.Mobile\CloudCoinCE.Mobile\CloudCoinCE.Mobile.projitems*{371e5003-fa3c-456a-9500-2e3e11f71379}*SharedItemsImports = 13
		CloudCoinCE.Mobile\CloudCoinCE.Mobile\CloudCoinCE.Mobile.projitems*{8fbf2486-0d89-4cb2-99e6-e8c210d94d3b}*SharedItemsImports = 4
		CloudCoinCE.Mobile\CloudCoinCE.Mobile\CloudCoinCE.Mobile.projitems*{ec5dd80a-bb46-4065-8fff-a183f23a6550}*SharedItemsImports = 4
	EndGlobalSection
	GlobalSection(SolutionConfigurationPlatforms) = preSolution
		Ad-Hoc|Any CPU = Ad-Hoc|Any CPU
		Ad-Hoc|ARM = Ad-Hoc|ARM
		Ad-Hoc|iPhone = Ad-Hoc|iPhone
		Ad-Hoc|iPhoneSimulator = Ad-Hoc|iPhoneSimulator
		Ad-Hoc|x64 = Ad-Hoc|x64
		Ad-Hoc|x86 = Ad-Hoc|x86
		AppStore|Any CPU = AppStore|Any CPU
		AppStore|ARM = AppStore|ARM
		AppStore|iPhone = AppStore|iPhone
		AppStore|iPhoneSimulator = AppStore|iPhoneSimulator
		AppStore|x64 = AppStore|x64
		AppStore|x86 = AppStore|x86
		Debug|Any CPU = Debug|Any CPU
		Debug|ARM = Debug|ARM
		Debug|iPhone = Debug|iPhone
		Debug|iPhoneSimulator = Debug|iPhoneSimulator
		Debug|x64 = Debug|x64
		Debug|x86 = Debug|x86
		Release|Any CPU = Release|Any CPU
		Release|ARM = Release|ARM
		Release|iPhone = Release|iPhone
		Release|iPhoneSimulator = Release|iPhoneSimulator
		Release|x64 = Release|x64
		Release|x86 = Release|x86
	EndGlobalSection
	GlobalSection(ProjectConfigurationPlatforms) = postSolution
		{8FBF2486-0D89-4CB2-99E6-E8C210D94D3B}.Ad-Hoc|Any CPU.ActiveCfg = Release|Any CPU
		{8FBF2486-0D89-4CB2-99E6-E8C210D94D3B}.Ad-Hoc|Any CPU.Build.0 = Release|Any CPU
		{8FBF2486-0D89-4CB2-99E6-E8C210D94D3B}.Ad-Hoc|Any CPU.Deploy.0 = Release|Any CPU
		{8FBF2486-0D89-4CB2-99E6-E8C210D94D3B}.Ad-Hoc|ARM.ActiveCfg = Release|Any CPU
		{8FBF2486-0D89-4CB2-99E6-E8C210D94D3B}.Ad-Hoc|ARM.Build.0 = Release|Any CPU
		{8FBF2486-0D89-4CB2-99E6-E8C210D94D3B}.Ad-Hoc|ARM.Deploy.0 = Release|Any CPU
		{8FBF2486-0D89-4CB2-99E6-E8C210D94D3B}.Ad-Hoc|iPhone.ActiveCfg = Release|Any CPU
		{8FBF2486-0D89-4CB2-99E6-E8C210D94D3B}.Ad-Hoc|iPhone.Build.0 = Release|Any CPU
		{8FBF2486-0D89-4CB2-99E6-E8C210D94D3B}.Ad-Hoc|iPhone.Deploy.0 = Release|Any CPU
		{8FBF2486-0D89-4CB2-99E6-E8C210D94D3B}.Ad-Hoc|iPhoneSimulator.ActiveCfg = Release|Any CPU
		{8FBF2486-0D89-4CB2-99E6-E8C210D94D3B}.Ad-Hoc|iPhoneSimulator.Build.0 = Release|Any CPU
		{8FBF2486-0D89-4CB2-99E6-E8C210D94D3B}.Ad-Hoc|iPhoneSimulator.Deploy.0 = Release|Any CPU
		{8FBF2486-0D89-4CB2-99E6-E8C210D94D3B}.Ad-Hoc|x64.ActiveCfg = Release|Any CPU
		{8FBF2486-0D89-4CB2-99E6-E8C210D94D3B}.Ad-Hoc|x64.Build.0 = Release|Any CPU
		{8FBF2486-0D89-4CB2-99E6-E8C210D94D3B}.Ad-Hoc|x64.Deploy.0 = Release|Any CPU
		{8FBF2486-0D89-4CB2-99E6-E8C210D94D3B}.Ad-Hoc|x86.ActiveCfg = Release|Any CPU
		{8FBF2486-0D89-4CB2-99E6-E8C210D94D3B}.Ad-Hoc|x86.Build.0 = Release|Any CPU
		{8FBF2486-0D89-4CB2-99E6-E8C210D94D3B}.Ad-Hoc|x86.Deploy.0 = Release|Any CPU
		{8FBF2486-0D89-4CB2-99E6-E8C210D94D3B}.AppStore|Any CPU.ActiveCfg = Release|Any CPU
		{8FBF2486-0D89-4CB2-99E6-E8C210D94D3B}.AppStore|Any CPU.Build.0 = Release|Any CPU
		{8FBF2486-0D89-4CB2-99E6-E8C210D94D3B}.AppStore|Any CPU.Deploy.0 = Release|Any CPU
		{8FBF2486-0D89-4CB2-99E6-E8C210D94D3B}.AppStore|ARM.ActiveCfg = Release|Any CPU
		{8FBF2486-0D89-4CB2-99E6-E8C210D94D3B}.AppStore|ARM.Build.0 = Release|Any CPU
		{8FBF2486-0D89-4CB2-99E6-E8C210D94D3B}.AppStore|ARM.Deploy.0 = Release|Any CPU
		{8FBF2486-0D89-4CB2-99E6-E8C210D94D3B}.AppStore|iPhone.ActiveCfg = Release|Any CPU
		{8FBF2486-0D89-4CB2-99E6-E8C210D94D3B}.AppStore|iPhone.Build.0 = Release|Any CPU
		{8FBF2486-0D89-4CB2-99E6-E8C210D94D3B}.AppStore|iPhone.Deploy.0 = Release|Any CPU
		{8FBF2486-0D89-4CB2-99E6-E8C210D94D3B}.AppStore|iPhoneSimulator.ActiveCfg = Release|Any CPU
		{8FBF2486-0D89-4CB2-99E6-E8C210D94D3B}.AppStore|iPhoneSimulator.Build.0 = Release|Any CPU
		{8FBF2486-0D89-4CB2-99E6-E8C210D94D3B}.AppStore|iPhoneSimulator.Deploy.0 = Release|Any CPU
		{8FBF2486-0D89-4CB2-99E6-E8C210D94D3B}.AppStore|x64.ActiveCfg = Release|Any CPU
		{8FBF2486-0D89-4CB2-99E6-E8C210D94D3B}.AppStore|x64.Build.0 = Release|Any CPU
		{8FBF2486-0D89-4CB2-99E6-E8C210D94D3B}.AppStore|x64.Deploy.0 = Release|Any CPU
		{8FBF2486-0D89-4CB2-99E6-E8C210D94D3B}.AppStore|x86.ActiveCfg = Release|Any CPU
		{8FBF2486-0D89-4CB2-99E6-E8C210D94D3B}.AppStore|x86.Build.0 = Release|Any CPU
		{8FBF2486-0D89-4CB2-99E6-E8C210D94D3B}.AppStore|x86.Deploy.0 = Release|Any CPU
		{8FBF2486-0D89-4CB2-99E6-E8C210D94D3B}.Debug|Any CPU.ActiveCfg = Debug|Any CPU
		{8FBF2486-0D89-4CB2-99E6-E8C210D94D3B}.Debug|Any CPU.Build.0 = Debug|Any CPU
		{8FBF2486-0D89-4CB2-99E6-E8C210D94D3B}.Debug|Any CPU.Deploy.0 = Debug|Any CPU
		{8FBF2486-0D89-4CB2-99E6-E8C210D94D3B}.Debug|ARM.ActiveCfg = Debug|Any CPU
		{8FBF2486-0D89-4CB2-99E6-E8C210D94D3B}.Debug|ARM.Build.0 = Debug|Any CPU
		{8FBF2486-0D89-4CB2-99E6-E8C210D94D3B}.Debug|ARM.Deploy.0 = Debug|Any CPU
		{8FBF2486-0D89-4CB2-99E6-E8C210D94D3B}.Debug|iPhone.ActiveCfg = Debug|Any CPU
		{8FBF2486-0D89-4CB2-99E6-E8C210D94D3B}.Debug|iPhone.Build.0 = Debug|Any CPU
		{8FBF2486-0D89-4CB2-99E6-E8C210D94D3B}.Debug|iPhone.Deploy.0 = Debug|Any CPU
		{8FBF2486-0D89-4CB2-99E6-E8C210D94D3B}.Debug|iPhoneSimulator.ActiveCfg = Debug|Any CPU
		{8FBF2486-0D89-4CB2-99E6-E8C210D94D3B}.Debug|iPhoneSimulator.Build.0 = Debug|Any CPU
		{8FBF2486-0D89-4CB2-99E6-E8C210D94D3B}.Debug|iPhoneSimulator.Deploy.0 = Debug|Any CPU
		{8FBF2486-0D89-4CB2-99E6-E8C210D94D3B}.Debug|x64.ActiveCfg = Debug|Any CPU
		{8FBF2486-0D89-4CB2-99E6-E8C210D94D3B}.Debug|x64.Build.0 = Debug|Any CPU
		{8FBF2486-0D89-4CB2-99E6-E8C210D94D3B}.Debug|x64.Deploy.0 = Debug|Any CPU
		{8FBF2486-0D89-4CB2-99E6-E8C210D94D3B}.Debug|x86.ActiveCfg = Debug|Any CPU
		{8FBF2486-0D89-4CB2-99E6-E8C210D94D3B}.Debug|x86.Build.0 = Debug|Any CPU
		{8FBF2486-0D89-4CB2-99E6-E8C210D94D3B}.Debug|x86.Deploy.0 = Debug|Any CPU
		{8FBF2486-0D89-4CB2-99E6-E8C210D94D3B}.Release|Any CPU.ActiveCfg = Release|Any CPU
		{8FBF2486-0D89-4CB2-99E6-E8C210D94D3B}.Release|Any CPU.Build.0 = Release|Any CPU
		{8FBF2486-0D89-4CB2-99E6-E8C210D94D3B}.Release|Any CPU.Deploy.0 = Release|Any CPU
		{8FBF2486-0D89-4CB2-99E6-E8C210D94D3B}.Release|ARM.ActiveCfg = Release|Any CPU
		{8FBF2486-0D89-4CB2-99E6-E8C210D94D3B}.Release|ARM.Build.0 = Release|Any CPU
		{8FBF2486-0D89-4CB2-99E6-E8C210D94D3B}.Release|ARM.Deploy.0 = Release|Any CPU
		{8FBF2486-0D89-4CB2-99E6-E8C210D94D3B}.Release|iPhone.ActiveCfg = Release|Any CPU
		{8FBF2486-0D89-4CB2-99E6-E8C210D94D3B}.Release|iPhone.Build.0 = Release|Any CPU
		{8FBF2486-0D89-4CB2-99E6-E8C210D94D3B}.Release|iPhone.Deploy.0 = Release|Any CPU
		{8FBF2486-0D89-4CB2-99E6-E8C210D94D3B}.Release|iPhoneSimulator.ActiveCfg = Release|Any CPU
		{8FBF2486-0D89-4CB2-99E6-E8C210D94D3B}.Release|iPhoneSimulator.Build.0 = Release|Any CPU
		{8FBF2486-0D89-4CB2-99E6-E8C210D94D3B}.Release|iPhoneSimulator.Deploy.0 = Release|Any CPU
		{8FBF2486-0D89-4CB2-99E6-E8C210D94D3B}.Release|x64.ActiveCfg = Release|Any CPU
		{8FBF2486-0D89-4CB2-99E6-E8C210D94D3B}.Release|x64.Build.0 = Release|Any CPU
		{8FBF2486-0D89-4CB2-99E6-E8C210D94D3B}.Release|x64.Deploy.0 = Release|Any CPU
		{8FBF2486-0D89-4CB2-99E6-E8C210D94D3B}.Release|x86.ActiveCfg = Release|Any CPU
		{8FBF2486-0D89-4CB2-99E6-E8C210D94D3B}.Release|x86.Build.0 = Release|Any CPU
		{8FBF2486-0D89-4CB2-99E6-E8C210D94D3B}.Release|x86.Deploy.0 = Release|Any CPU
		{EC5DD80A-BB46-4065-8FFF-A183F23A6550}.Ad-Hoc|Any CPU.ActiveCfg = Ad-Hoc|iPhone
		{EC5DD80A-BB46-4065-8FFF-A183F23A6550}.Ad-Hoc|ARM.ActiveCfg = Ad-Hoc|iPhone
		{EC5DD80A-BB46-4065-8FFF-A183F23A6550}.Ad-Hoc|iPhone.ActiveCfg = Ad-Hoc|iPhone
		{EC5DD80A-BB46-4065-8FFF-A183F23A6550}.Ad-Hoc|iPhone.Build.0 = Ad-Hoc|iPhone
		{EC5DD80A-BB46-4065-8FFF-A183F23A6550}.Ad-Hoc|iPhoneSimulator.ActiveCfg = Ad-Hoc|iPhoneSimulator
		{EC5DD80A-BB46-4065-8FFF-A183F23A6550}.Ad-Hoc|iPhoneSimulator.Build.0 = Ad-Hoc|iPhoneSimulator
		{EC5DD80A-BB46-4065-8FFF-A183F23A6550}.Ad-Hoc|x64.ActiveCfg = Ad-Hoc|iPhone
		{EC5DD80A-BB46-4065-8FFF-A183F23A6550}.Ad-Hoc|x86.ActiveCfg = Ad-Hoc|iPhone
		{EC5DD80A-BB46-4065-8FFF-A183F23A6550}.AppStore|Any CPU.ActiveCfg = AppStore|iPhone
		{EC5DD80A-BB46-4065-8FFF-A183F23A6550}.AppStore|ARM.ActiveCfg = AppStore|iPhone
		{EC5DD80A-BB46-4065-8FFF-A183F23A6550}.AppStore|iPhone.ActiveCfg = AppStore|iPhone
		{EC5DD80A-BB46-4065-8FFF-A183F23A6550}.AppStore|iPhone.Build.0 = AppStore|iPhone
		{EC5DD80A-BB46-4065-8FFF-A183F23A6550}.AppStore|iPhoneSimulator.ActiveCfg = AppStore|iPhoneSimulator
		{EC5DD80A-BB46-4065-8FFF-A183F23A6550}.AppStore|iPhoneSimulator.Build.0 = AppStore|iPhoneSimulator
		{EC5DD80A-BB46-4065-8FFF-A183F23A6550}.AppStore|x64.ActiveCfg = AppStore|iPhone
		{EC5DD80A-BB46-4065-8FFF-A183F23A6550}.AppStore|x86.ActiveCfg = AppStore|iPhone
		{EC5DD80A-BB46-4065-8FFF-A183F23A6550}.Debug|Any CPU.ActiveCfg = Debug|iPhone
		{EC5DD80A-BB46-4065-8FFF-A183F23A6550}.Debug|ARM.ActiveCfg = Debug|iPhone
		{EC5DD80A-BB46-4065-8FFF-A183F23A6550}.Debug|iPhone.ActiveCfg = Debug|iPhone
		{EC5DD80A-BB46-4065-8FFF-A183F23A6550}.Debug|iPhone.Build.0 = Debug|iPhone
		{EC5DD80A-BB46-4065-8FFF-A183F23A6550}.Debug|iPhoneSimulator.ActiveCfg = Debug|iPhoneSimulator
		{EC5DD80A-BB46-4065-8FFF-A183F23A6550}.Debug|iPhoneSimulator.Build.0 = Debug|iPhoneSimulator
		{EC5DD80A-BB46-4065-8FFF-A183F23A6550}.Debug|x64.ActiveCfg = Debug|iPhone
		{EC5DD80A-BB46-4065-8FFF-A183F23A6550}.Debug|x86.ActiveCfg = Debug|iPhone
		{EC5DD80A-BB46-4065-8FFF-A183F23A6550}.Release|Any CPU.ActiveCfg = Release|iPhone
		{EC5DD80A-BB46-4065-8FFF-A183F23A6550}.Release|ARM.ActiveCfg = Release|iPhone
		{EC5DD80A-BB46-4065-8FFF-A183F23A6550}.Release|iPhone.ActiveCfg = Release|iPhone
		{EC5DD80A-BB46-4065-8FFF-A183F23A6550}.Release|iPhone.Build.0 = Release|iPhone
		{EC5DD80A-BB46-4065-8FFF-A183F23A6550}.Release|iPhoneSimulator.ActiveCfg = Release|iPhoneSimulator
		{EC5DD80A-BB46-4065-8FFF-A183F23A6550}.Release|iPhoneSimulator.Build.0 = Release|iPhoneSimulator
		{EC5DD80A-BB46-4065-8FFF-A183F23A6550}.Release|x64.ActiveCfg = Release|iPhone
		{EC5DD80A-BB46-4065-8FFF-A183F23A6550}.Release|x86.ActiveCfg = Release|iPhone
		{EAE3763F-A27D-435D-9A95-B33CCDF8F429}.Ad-Hoc|Any CPU.ActiveCfg = Release|x86
		{EAE3763F-A27D-435D-9A95-B33CCDF8F429}.Ad-Hoc|Any CPU.Build.0 = Release|x86
		{EAE3763F-A27D-435D-9A95-B33CCDF8F429}.Ad-Hoc|Any CPU.Deploy.0 = Release|x86
		{EAE3763F-A27D-435D-9A95-B33CCDF8F429}.Ad-Hoc|ARM.ActiveCfg = Release|ARM
		{EAE3763F-A27D-435D-9A95-B33CCDF8F429}.Ad-Hoc|ARM.Build.0 = Release|ARM
		{EAE3763F-A27D-435D-9A95-B33CCDF8F429}.Ad-Hoc|ARM.Deploy.0 = Release|ARM
		{EAE3763F-A27D-435D-9A95-B33CCDF8F429}.Ad-Hoc|iPhone.ActiveCfg = Release|x86
		{EAE3763F-A27D-435D-9A95-B33CCDF8F429}.Ad-Hoc|iPhone.Build.0 = Release|x86
		{EAE3763F-A27D-435D-9A95-B33CCDF8F429}.Ad-Hoc|iPhone.Deploy.0 = Release|x86
		{EAE3763F-A27D-435D-9A95-B33CCDF8F429}.Ad-Hoc|iPhoneSimulator.ActiveCfg = Release|x86
		{EAE3763F-A27D-435D-9A95-B33CCDF8F429}.Ad-Hoc|iPhoneSimulator.Build.0 = Release|x86
		{EAE3763F-A27D-435D-9A95-B33CCDF8F429}.Ad-Hoc|iPhoneSimulator.Deploy.0 = Release|x86
		{EAE3763F-A27D-435D-9A95-B33CCDF8F429}.Ad-Hoc|x64.ActiveCfg = Release|x64
		{EAE3763F-A27D-435D-9A95-B33CCDF8F429}.Ad-Hoc|x64.Build.0 = Release|x64
		{EAE3763F-A27D-435D-9A95-B33CCDF8F429}.Ad-Hoc|x64.Deploy.0 = Release|x64
		{EAE3763F-A27D-435D-9A95-B33CCDF8F429}.Ad-Hoc|x86.ActiveCfg = Release|x86
		{EAE3763F-A27D-435D-9A95-B33CCDF8F429}.Ad-Hoc|x86.Build.0 = Release|x86
		{EAE3763F-A27D-435D-9A95-B33CCDF8F429}.Ad-Hoc|x86.Deploy.0 = Release|x86
		{EAE3763F-A27D-435D-9A95-B33CCDF8F429}.AppStore|Any CPU.ActiveCfg = Release|x86
		{EAE3763F-A27D-435D-9A95-B33CCDF8F429}.AppStore|Any CPU.Build.0 = Release|x86
		{EAE3763F-A27D-435D-9A95-B33CCDF8F429}.AppStore|Any CPU.Deploy.0 = Release|x86
		{EAE3763F-A27D-435D-9A95-B33CCDF8F429}.AppStore|ARM.ActiveCfg = Release|ARM
		{EAE3763F-A27D-435D-9A95-B33CCDF8F429}.AppStore|ARM.Build.0 = Release|ARM
		{EAE3763F-A27D-435D-9A95-B33CCDF8F429}.AppStore|ARM.Deploy.0 = Release|ARM
		{EAE3763F-A27D-435D-9A95-B33CCDF8F429}.AppStore|iPhone.ActiveCfg = Release|x86
		{EAE3763F-A27D-435D-9A95-B33CCDF8F429}.AppStore|iPhone.Build.0 = Release|x86
		{EAE3763F-A27D-435D-9A95-B33CCDF8F429}.AppStore|iPhone.Deploy.0 = Release|x86
		{EAE3763F-A27D-435D-9A95-B33CCDF8F429}.AppStore|iPhoneSimulator.ActiveCfg = Release|x86
		{EAE3763F-A27D-435D-9A95-B33CCDF8F429}.AppStore|iPhoneSimulator.Build.0 = Release|x86
		{EAE3763F-A27D-435D-9A95-B33CCDF8F429}.AppStore|iPhoneSimulator.Deploy.0 = Release|x86
		{EAE3763F-A27D-435D-9A95-B33CCDF8F429}.AppStore|x64.ActiveCfg = Release|x64
		{EAE3763F-A27D-435D-9A95-B33CCDF8F429}.AppStore|x64.Build.0 = Release|x64
		{EAE3763F-A27D-435D-9A95-B33CCDF8F429}.AppStore|x64.Deploy.0 = Release|x64
		{EAE3763F-A27D-435D-9A95-B33CCDF8F429}.AppStore|x86.ActiveCfg = Release|x86
		{EAE3763F-A27D-435D-9A95-B33CCDF8F429}.AppStore|x86.Build.0 = Release|x86
		{EAE3763F-A27D-435D-9A95-B33CCDF8F429}.AppStore|x86.Deploy.0 = Release|x86
		{EAE3763F-A27D-435D-9A95-B33CCDF8F429}.Debug|Any CPU.ActiveCfg = Debug|x86
		{EAE3763F-A27D-435D-9A95-B33CCDF8F429}.Debug|ARM.ActiveCfg = Debug|ARM
		{EAE3763F-A27D-435D-9A95-B33CCDF8F429}.Debug|ARM.Build.0 = Debug|ARM
		{EAE3763F-A27D-435D-9A95-B33CCDF8F429}.Debug|ARM.Deploy.0 = Debug|ARM
		{EAE3763F-A27D-435D-9A95-B33CCDF8F429}.Debug|iPhone.ActiveCfg = Debug|x86
		{EAE3763F-A27D-435D-9A95-B33CCDF8F429}.Debug|iPhoneSimulator.ActiveCfg = Debug|x86
		{EAE3763F-A27D-435D-9A95-B33CCDF8F429}.Debug|x64.ActiveCfg = Debug|x64
		{EAE3763F-A27D-435D-9A95-B33CCDF8F429}.Debug|x64.Build.0 = Debug|x64
		{EAE3763F-A27D-435D-9A95-B33CCDF8F429}.Debug|x64.Deploy.0 = Debug|x64
		{EAE3763F-A27D-435D-9A95-B33CCDF8F429}.Debug|x86.ActiveCfg = Debug|x86
		{EAE3763F-A27D-435D-9A95-B33CCDF8F429}.Debug|x86.Build.0 = Debug|x86
		{EAE3763F-A27D-435D-9A95-B33CCDF8F429}.Debug|x86.Deploy.0 = Debug|x86
		{EAE3763F-A27D-435D-9A95-B33CCDF8F429}.Release|Any CPU.ActiveCfg = Release|x86
		{EAE3763F-A27D-435D-9A95-B33CCDF8F429}.Release|ARM.ActiveCfg = Release|ARM
		{EAE3763F-A27D-435D-9A95-B33CCDF8F429}.Release|ARM.Build.0 = Release|ARM
		{EAE3763F-A27D-435D-9A95-B33CCDF8F429}.Release|ARM.Deploy.0 = Release|ARM
		{EAE3763F-A27D-435D-9A95-B33CCDF8F429}.Release|iPhone.ActiveCfg = Release|x86
		{EAE3763F-A27D-435D-9A95-B33CCDF8F429}.Release|iPhoneSimulator.ActiveCfg = Release|x86
		{EAE3763F-A27D-435D-9A95-B33CCDF8F429}.Release|x64.ActiveCfg = Release|x64
		{EAE3763F-A27D-435D-9A95-B33CCDF8F429}.Release|x64.Build.0 = Release|x64
		{EAE3763F-A27D-435D-9A95-B33CCDF8F429}.Release|x64.Deploy.0 = Release|x64
		{EAE3763F-A27D-435D-9A95-B33CCDF8F429}.Release|x86.ActiveCfg = Release|x86
		{EAE3763F-A27D-435D-9A95-B33CCDF8F429}.Release|x86.Build.0 = Release|x86
		{EAE3763F-A27D-435D-9A95-B33CCDF8F429}.Release|x86.Deploy.0 = Release|x86
	EndGlobalSection
	GlobalSection(SolutionProperties) = preSolution
		HideSolutionNode = FALSE
	EndGlobalSection
EndGlobal
